
Microsoft Visual Studio Solution File, Format Version 12.00
Project("{FAE04EC0-301F-11D3-BF4B-00C04F79EFBC}") = "HelloBot.ApiIntegration.ConsoleApp", "HelloBot.ApiIntegration.ConsoleApp.csproj", "{C192142D-F39D-4EB1-9761-102E01A538B2}"
EndProject
Global
	GlobalSection(SolutionConfigurationPlatforms) = preSolution
		Debug|Any CPU = Debug|Any CPU
		Release|Any CPU = Release|Any CPU
	EndGlobalSection
	GlobalSection(ProjectConfigurationPlatforms) = postSolution
		{C192142D-F39D-4EB1-9761-102E01A538B2}.Debug|Any CPU.ActiveCfg = Debug|Any CPU
		{C192142D-F39D-4EB1-9761-102E01A538B2}.Debug|Any CPU.Build.0 = Debug|Any CPU
		{C192142D-F39D-4EB1-9761-102E01A538B2}.Release|Any CPU.ActiveCfg = Release|Any CPU
		{C192142D-F39D-4EB1-9761-102E01A538B2}.Release|Any CPU.Build.0 = Release|Any CPU
	EndGlobalSection
EndGlobal
